{
  "name": "front-end",
  "version": "1.0.0",
  "lockfileVersion": 2,
  "requires": true,
  "packages": {
    "": {
      "name": "front-end",
      "version": "1.0.0",
      "license": "ISC",
      "dependencies": {
        "@fluentui/react": "^8.49.0"
      }
    },
    "node_modules/@fluentui/date-time-utilities": {
      "version": "8.2.3",
      "resolved": "https://registry.npmjs.org/@fluentui/date-time-utilities/-/date-time-utilities-8.2.3.tgz",
      "integrity": "sha512-lbXaKXpeWymzGk3YNwT3hUPfUSnYO3x6wS2Rj3ySzDY6OkMLOBBV6UVa2uRVRXCio5GcJyMo9Wtgv77gmHl2fQ==",
      "dependencies": {
        "@fluentui/set-version": "^8.1.5",
        "tslib": "^2.1.0"
      }
    },
    "node_modules/@fluentui/dom-utilities": {
      "version": "2.1.5",
      "resolved": "https://registry.npmjs.org/@fluentui/dom-utilities/-/dom-utilities-2.1.5.tgz",
      "integrity": "sha512-OLDYV5ZGIiK/JXx/DFFib4vSa7PELvznbdAujDcX2wjt3V3Lt2N5ucv59JsVxk5LlwXjasUHJI2NZadagmnM6A==",
      "dependencies": {
        "@fluentui/set-version": "^8.1.5",
        "tslib": "^2.1.0"
      }
    },
    "node_modules/@fluentui/font-icons-mdl2": {
      "version": "8.1.20",
      "resolved": "https://registry.npmjs.org/@fluentui/font-icons-mdl2/-/font-icons-mdl2-8.1.20.tgz",
      "integrity": "sha512-6zUz2IVBQIq+nGa8C9BmdwqUKc4twTEZ0/+3SY0E08SXo7u3yhuQG8R3q2J8TXgMC7uw4EYSHvP518h764uPgg==",
      "dependencies": {
        "@fluentui/set-version": "^8.1.5",
        "@fluentui/style-utilities": "^8.5.2",
        "tslib": "^2.1.0"
      }
    },
    "node_modules/@fluentui/foundation-legacy": {
      "version": "8.1.19",
      "resolved": "https://registry.npmjs.org/@fluentui/foundation-legacy/-/foundation-legacy-8.1.19.tgz",
      "integrity": "sha512-9ha1BIAU2tqHBKsKLKy9M0J0jP2fR4t4M4ZlE7wYGs5+eAWJgigmkoRZJY3YnCUNS6wR3HzRX89fwzMmOnUMUw==",
      "dependencies": {
        "@fluentui/merge-styles": "^8.2.3",
        "@fluentui/set-version": "^8.1.5",
        "@fluentui/style-utilities": "^8.5.2",
        "@fluentui/utilities": "^8.3.9",
        "tslib": "^2.1.0"
      },
      "peerDependencies": {
        "@types/react": ">=16.8.0 <18.0.0",
        "react": ">=16.8.0 <18.0.0"
      }
    },
    "node_modules/@fluentui/keyboard-key": {
      "version": "0.3.5",
      "resolved": "https://registry.npmjs.org/@fluentui/keyboard-key/-/keyboard-key-0.3.5.tgz",
      "integrity": "sha512-qPNPnRtkC92b8Zjx3mJ6+vRX+pdmbDYcXP8zXb2NJ/briAQXYmyqdjJLUl2riVBcAC4H3cL6dTKLR9VAyqhdYQ==",
      "dependencies": {
        "tslib": "^2.1.0"
      }
    },
    "node_modules/@fluentui/merge-styles": {
      "version": "8.2.3",
      "resolved": "https://registry.npmjs.org/@fluentui/merge-styles/-/merge-styles-8.2.3.tgz",
      "integrity": "sha512-kwjY56C0ACMkYUikOX6krIwfuEworq6+A7V4zE1w8jRc7RSYHQfyfavu6ptNVgPPR/Bmho3AgriyhnnoFq+6fQ==",
      "dependencies": {
        "@fluentui/set-version": "^8.1.5",
        "tslib": "^2.1.0"
      }
    },
    "node_modules/@fluentui/react": {
      "version": "8.49.0",
      "resolved": "https://registry.npmjs.org/@fluentui/react/-/react-8.49.0.tgz",
      "integrity": "sha512-JNp7xs6gUmkqIW0Vrq3Yq1CGM1AyhsOrQtJTPpHYxwj2H5jDL9Rz1PVtRVaonGCKEH1RveHAagmprkxDGU9yRQ==",
      "dependencies": {
        "@fluentui/date-time-utilities": "^8.2.3",
        "@fluentui/font-icons-mdl2": "^8.1.20",
        "@fluentui/foundation-legacy": "^8.1.19",
        "@fluentui/merge-styles": "^8.2.3",
        "@fluentui/react-focus": "^8.3.14",
        "@fluentui/react-hooks": "^8.3.9",
        "@fluentui/react-window-provider": "^2.1.6",
        "@fluentui/set-version": "^8.1.5",
        "@fluentui/style-utilities": "^8.5.2",
        "@fluentui/theme": "^2.4.6",
        "@fluentui/utilities": "^8.3.9",
        "@microsoft/load-themed-styles": "^1.10.26",
        "tslib": "^2.1.0"
      },
      "peerDependencies": {
        "@types/react": ">=16.8.0 <18.0.0",
        "@types/react-dom": ">=16.8.0 <18.0.0",
        "react": ">=16.8.0 <18.0.0",
        "react-dom": ">=16.8.0 <18.0.0"
      }
    },
    "node_modules/@fluentui/react-focus": {
      "version": "8.3.14",
      "resolved": "https://registry.npmjs.org/@fluentui/react-focus/-/react-focus-8.3.14.tgz",
      "integrity": "sha512-l5JkhLvbsYTbR21wXQHwTYbKQ+yLzpEVyibUdb1rJJ+oCUzd/DyKp2JKUmsHkpG7MIP/EEcLbv0aNwjq+OCX5w==",
      "dependencies": {
        "@fluentui/keyboard-key": "^0.3.5",
        "@fluentui/merge-styles": "^8.2.3",
        "@fluentui/set-version": "^8.1.5",
        "@fluentui/style-utilities": "^8.5.2",
        "@fluentui/utilities": "^8.3.9",
        "tslib": "^2.1.0"
      },
      "peerDependencies": {
        "@types/react": ">=16.8.0 <18.0.0",
        "react": ">=16.8.0 <18.0.0"
      }
    },
    "node_modules/@fluentui/react-hooks": {
      "version": "8.3.9",
      "resolved": "https://registry.npmjs.org/@fluentui/react-hooks/-/react-hooks-8.3.9.tgz",
      "integrity": "sha512-slgQubShYrzVaelzBkvPVJy0EY+WJeJUqLAu9f9AX22sOi/odid1PuEi3ZuX7d+lLiGUQR0HaEbvo+jEf6HNeQ==",
      "dependencies": {
        "@fluentui/react-window-provider": "^2.1.6",
        "@fluentui/set-version": "^8.1.5",
        "@fluentui/utilities": "^8.3.9",
        "tslib": "^2.1.0"
      },
      "peerDependencies": {
        "@types/react": ">=16.8.0 <18.0.0",
        "react": ">=16.8.0 <18.0.0"
      }
    },
    "node_modules/@fluentui/react-window-provider": {
      "version": "2.1.6",
      "resolved": "https://registry.npmjs.org/@fluentui/react-window-provider/-/react-window-provider-2.1.6.tgz",
      "integrity": "sha512-Fr1THmtn/Kx95/WVXI1qIELX2VHpuGYVKWSpdgbpcmKukvk30h4JG6kKMGYPz3r7UeaTzpaeIw537A9CJ2hVMg==",
      "dependencies": {
        "@fluentui/set-version": "^8.1.5",
        "tslib": "^2.1.0"
      },
      "peerDependencies": {
        "@types/react": ">=16.8.0 <18.0.0",
        "react": ">=16.8.0 <18.0.0"
      }
    },
    "node_modules/@fluentui/set-version": {
      "version": "8.1.5",
      "resolved": "https://registry.npmjs.org/@fluentui/set-version/-/set-version-8.1.5.tgz",
      "integrity": "sha512-AfaycaduWd/aErqEmrAUWpr2gpZrkaSe6D9noXhtVH3JlreRuFM78Ji1oE4f8cpWxSA/K5qb7BT6x4z4I2Bs+A==",
      "dependencies": {
        "tslib": "^2.1.0"
      }
    },
    "node_modules/@fluentui/style-utilities": {
      "version": "8.5.2",
      "resolved": "https://registry.npmjs.org/@fluentui/style-utilities/-/style-utilities-8.5.2.tgz",
      "integrity": "sha512-81+x1QyiVVx0ASqyeaIdXn9g7/he+k09Y0+G4NWczt4c8uuaz4rSOwuK2pdNGY16N0IZid3nMe9EqFvbLq+U/A==",
      "dependencies": {
        "@fluentui/merge-styles": "^8.2.3",
        "@fluentui/set-version": "^8.1.5",
        "@fluentui/theme": "^2.4.6",
        "@fluentui/utilities": "^8.3.9",
        "@microsoft/load-themed-styles": "^1.10.26",
        "tslib": "^2.1.0"
      }
    },
    "node_modules/@fluentui/theme": {
      "version": "2.4.6",
      "resolved": "https://registry.npmjs.org/@fluentui/theme/-/theme-2.4.6.tgz",
      "integrity": "sha512-Qlxl/k31+WbjgUIJDfF5JVZfnQmEmNOmtMpYU+r4L2k/RD1eskNG3BaB+vGW9bnLw7u/7+6I79PyoSyTE8I+TA==",
      "dependencies": {
        "@fluentui/merge-styles": "^8.2.3",
        "@fluentui/set-version": "^8.1.5",
        "@fluentui/utilities": "^8.3.9",
        "tslib": "^2.1.0"
      },
      "peerDependencies": {
        "@types/react": ">=16.8.0 <18.0.0",
        "react": ">=16.8.0 <18.0.0"
      }
    },
    "node_modules/@fluentui/utilities": {
      "version": "8.3.9",
      "resolved": "https://registry.npmjs.org/@fluentui/utilities/-/utilities-8.3.9.tgz",
      "integrity": "sha512-UNz/5RjEmCtllzpCXEUkK/ScxjYkEG5tHIdUqxe+vg70UL92qlcSLo7E2NKuCuD7HM3z/tVbbE18ZEKJM6AOFg==",
      "dependencies": {
        "@fluentui/dom-utilities": "^2.1.5",
        "@fluentui/merge-styles": "^8.2.3",
        "@fluentui/set-version": "^8.1.5",
        "tslib": "^2.1.0"
      },
      "peerDependencies": {
        "@types/react": ">=16.8.0 <18.0.0",
        "react": ">=16.8.0 <18.0.0"
      }
    },
    "node_modules/@microsoft/load-themed-styles": {
      "version": "1.10.241",
      "resolved": "https://registry.npmjs.org/@microsoft/load-themed-styles/-/load-themed-styles-1.10.241.tgz",
      "integrity": "sha512-UdEtJGWSj361OxGO2AWMVzfBZPGv6EOJ2ZsuYLWGhDgBv/Y7QWPngEyHYljIC1YcqyQxy8q9xFvH/5qZKpTteA=="
    },
    "node_modules/@types/prop-types": {
      "version": "15.7.4",
      "resolved": "https://registry.npmjs.org/@types/prop-types/-/prop-types-15.7.4.tgz",
      "integrity": "sha512-rZ5drC/jWjrArrS8BR6SIr4cWpW09RNTYt9AMZo3Jwwif+iacXAqgVjm0B0Bv/S1jhDXKHqRVNCbACkJ89RAnQ==",
      "peer": true
    },
    "node_modules/@types/react": {
      "version": "17.0.38",
      "resolved": "https://registry.npmjs.org/@types/react/-/react-17.0.38.tgz",
      "integrity": "sha512-SI92X1IA+FMnP3qM5m4QReluXzhcmovhZnLNm3pyeQlooi02qI7sLiepEYqT678uNiyc25XfCqxREFpy3W7YhQ==",
      "peer": true,
      "dependencies": {
        "@types/prop-types": "*",
        "@types/scheduler": "*",
        "csstype": "^3.0.2"
      }
    },
    "node_modules/@types/react-dom": {
      "version": "17.0.11",
      "resolved": "https://registry.npmjs.org/@types/react-dom/-/react-dom-17.0.11.tgz",
      "integrity": "sha512-f96K3k+24RaLGVu/Y2Ng3e1EbZ8/cVJvypZWd7cy0ofCBaf2lcM46xNhycMZ2xGwbBjRql7hOlZ+e2WlJ5MH3Q==",
      "peer": true,
      "dependencies": {
        "@types/react": "*"
      }
    },
    "node_modules/@types/scheduler": {
      "version": "0.16.2",
      "resolved": "https://registry.npmjs.org/@types/scheduler/-/scheduler-0.16.2.tgz",
      "integrity": "sha512-hppQEBDmlwhFAXKJX2KnWLYu5yMfi91yazPb2l+lbJiwW+wdo1gNeRA+3RgNSO39WYX2euey41KEwnqesU2Jew==",
      "peer": true
    },
    "node_modules/csstype": {
      "version": "3.0.10",
      "resolved": "https://registry.npmjs.org/csstype/-/csstype-3.0.10.tgz",
      "integrity": "sha512-2u44ZG2OcNUO9HDp/Jl8C07x6pU/eTR3ncV91SiK3dhG9TWvRVsCoJw14Ckx5DgWkzGA3waZWO3d7pgqpUI/XA==",
      "peer": true
    },
    "node_modules/js-tokens": {
      "version": "4.0.0",
      "resolved": "https://registry.npmjs.org/js-tokens/-/js-tokens-4.0.0.tgz",
      "integrity": "sha512-RdJUflcE3cUzKiMqQgsCu06FPu9UdIJO0beYbPhHN4k6apgJtifcoCtT9bcxOpYBtpD2kCM6Sbzg4CausW/PKQ==",
      "peer": true
    },
    "node_modules/loose-envify": {
      "version": "1.4.0",
      "resolved": "https://registry.npmjs.org/loose-envify/-/loose-envify-1.4.0.tgz",
      "integrity": "sha512-lyuxPGr/Wfhrlem2CL/UcnUc1zcqKAImBDzukY7Y5F/yQiNdko6+fRLevlw1HgMySw7f611UIY408EtxRSoK3Q==",
      "peer": true,
      "dependencies": {
        "js-tokens": "^3.0.0 || ^4.0.0"
      },
      "bin": {
        "loose-envify": "cli.js"
      }
    },
    "node_modules/object-assign": {
      "version": "4.1.1",
      "resolved": "https://registry.npmjs.org/object-assign/-/object-assign-4.1.1.tgz",
      "integrity": "sha1-IQmtx5ZYh8/AXLvUQsrIv7s2CGM=",
      "peer": true,
      "engines": {
        "node": ">=0.10.0"
      }
    },
    "node_modules/react": {
      "version": "17.0.2",
      "resolved": "https://registry.npmjs.org/react/-/react-17.0.2.tgz",
      "integrity": "sha512-gnhPt75i/dq/z3/6q/0asP78D0u592D5L1pd7M8P+dck6Fu/jJeL6iVVK23fptSUZj8Vjf++7wXA8UNclGQcbA==",
      "peer": true,
      "dependencies": {
        "loose-envify": "^1.1.0",
        "object-assign": "^4.1.1"
      },
      "engines": {
        "node": ">=0.10.0"
      }
    },
    "node_modules/react-dom": {
      "version": "17.0.2",
      "resolved": "https://registry.npmjs.org/react-dom/-/react-dom-17.0.2.tgz",
      "integrity": "sha512-s4h96KtLDUQlsENhMn1ar8t2bEa+q/YAtj8pPPdIjPDGBDIVNsrD9aXNWqspUe6AzKCIG0C1HZZLqLV7qpOBGA==",
      "peer": true,
      "dependencies": {
        "loose-envify": "^1.1.0",
        "object-assign": "^4.1.1",
        "scheduler": "^0.20.2"
      },
      "peerDependencies": {
        "react": "17.0.2"
      }
    },
    "node_modules/scheduler": {
      "version": "0.20.2",
      "resolved": "https://registry.npmjs.org/scheduler/-/scheduler-0.20.2.tgz",
      "integrity": "sha512-2eWfGgAqqWFGqtdMmcL5zCMK1U8KlXv8SQFGglL3CEtd0aDVDWgeF/YoCmvln55m5zSk3J/20hTaSBeSObsQDQ==",
      "peer": true,
      "dependencies": {
        "loose-envify": "^1.1.0",
        "object-assign": "^4.1.1"
      }
    },
    "node_modules/tslib": {
      "version": "2.3.1",
      "resolved": "https://registry.npmjs.org/tslib/-/tslib-2.3.1.tgz",
      "integrity": "sha512-77EbyPPpMz+FRFRuAFlWMtmgUWGe9UOG2Z25NqCwiIjRhOf5iKGuzSe5P2w1laq+FkRy4p+PCuVkJSGkzTEKVw=="
    }
  },
  "dependencies": {
    "@fluentui/date-time-utilities": {
      "version": "8.2.3",
      "resolved": "https://registry.npmjs.org/@fluentui/date-time-utilities/-/date-time-utilities-8.2.3.tgz",
      "integrity": "sha512-lbXaKXpeWymzGk3YNwT3hUPfUSnYO3x6wS2Rj3ySzDY6OkMLOBBV6UVa2uRVRXCio5GcJyMo9Wtgv77gmHl2fQ==",
      "requires": {
        "@fluentui/set-version": "^8.1.5",
        "tslib": "^2.1.0"
      }
    },
    "@fluentui/dom-utilities": {
      "version": "2.1.5",
      "resolved": "https://registry.npmjs.org/@fluentui/dom-utilities/-/dom-utilities-2.1.5.tgz",
      "integrity": "sha512-OLDYV5ZGIiK/JXx/DFFib4vSa7PELvznbdAujDcX2wjt3V3Lt2N5ucv59JsVxk5LlwXjasUHJI2NZadagmnM6A==",
      "requires": {
        "@fluentui/set-version": "^8.1.5",
        "tslib": "^2.1.0"
      }
    },
    "@fluentui/font-icons-mdl2": {
      "version": "8.1.20",
      "resolved": "https://registry.npmjs.org/@fluentui/font-icons-mdl2/-/font-icons-mdl2-8.1.20.tgz",
      "integrity": "sha512-6zUz2IVBQIq+nGa8C9BmdwqUKc4twTEZ0/+3SY0E08SXo7u3yhuQG8R3q2J8TXgMC7uw4EYSHvP518h764uPgg==",
      "requires": {
        "@fluentui/set-version": "^8.1.5",
        "@fluentui/style-utilities": "^8.5.2",
        "tslib": "^2.1.0"
      }
    },
    "@fluentui/foundation-legacy": {
      "version": "8.1.19",
      "resolved": "https://registry.npmjs.org/@fluentui/foundation-legacy/-/foundation-legacy-8.1.19.tgz",
      "integrity": "sha512-9ha1BIAU2tqHBKsKLKy9M0J0jP2fR4t4M4ZlE7wYGs5+eAWJgigmkoRZJY3YnCUNS6wR3HzRX89fwzMmOnUMUw==",
      "requires": {
        "@fluentui/merge-styles": "^8.2.3",
        "@fluentui/set-version": "^8.1.5",
        "@fluentui/style-utilities": "^8.5.2",
        "@fluentui/utilities": "^8.3.9",
        "tslib": "^2.1.0"
      }
    },
    "@fluentui/keyboard-key": {
      "version": "0.3.5",
      "resolved": "https://registry.npmjs.org/@fluentui/keyboard-key/-/keyboard-key-0.3.5.tgz",
      "integrity": "sha512-qPNPnRtkC92b8Zjx3mJ6+vRX+pdmbDYcXP8zXb2NJ/briAQXYmyqdjJLUl2riVBcAC4H3cL6dTKLR9VAyqhdYQ==",
      "requires": {
        "tslib": "^2.1.0"
      }
    },
    "@fluentui/merge-styles": {
      "version": "8.2.3",
      "resolved": "https://registry.npmjs.org/@fluentui/merge-styles/-/merge-styles-8.2.3.tgz",
      "integrity": "sha512-kwjY56C0ACMkYUikOX6krIwfuEworq6+A7V4zE1w8jRc7RSYHQfyfavu6ptNVgPPR/Bmho3AgriyhnnoFq+6fQ==",
      "requires": {
        "@fluentui/set-version": "^8.1.5",
        "tslib": "^2.1.0"
      }
    },
    "@fluentui/react": {
      "version": "8.49.0",
      "resolved": "https://registry.npmjs.org/@fluentui/react/-/react-8.49.0.tgz",
      "integrity": "sha512-JNp7xs6gUmkqIW0Vrq3Yq1CGM1AyhsOrQtJTPpHYxwj2H5jDL9Rz1PVtRVaonGCKEH1RveHAagmprkxDGU9yRQ==",
      "requires": {
        "@fluentui/date-time-utilities": "^8.2.3",
        "@fluentui/font-icons-mdl2": "^8.1.20",
        "@fluentui/foundation-legacy": "^8.1.19",
        "@fluentui/merge-styles": "^8.2.3",
        "@fluentui/react-focus": "^8.3.14",
        "@fluentui/react-hooks": "^8.3.9",
        "@fluentui/react-window-provider": "^2.1.6",
        "@fluentui/set-version": "^8.1.5",
        "@fluentui/style-utilities": "^8.5.2",
        "@fluentui/theme": "^2.4.6",
        "@fluentui/utilities": "^8.3.9",
        "@microsoft/load-themed-styles": "^1.10.26",
        "tslib": "^2.1.0"
      }
    },
    "@fluentui/react-focus": {
      "version": "8.3.14",
      "resolved": "https://registry.npmjs.org/@fluentui/react-focus/-/react-focus-8.3.14.tgz",
      "integrity": "sha512-l5JkhLvbsYTbR21wXQHwTYbKQ+yLzpEVyibUdb1rJJ+oCUzd/DyKp2JKUmsHkpG7MIP/EEcLbv0aNwjq+OCX5w==",
      "requires": {
        "@fluentui/keyboard-key": "^0.3.5",
        "@fluentui/merge-styles": "^8.2.3",
        "@fluentui/set-version": "^8.1.5",
        "@fluentui/style-utilities": "^8.5.2",
        "@fluentui/utilities": "^8.3.9",
        "tslib": "^2.1.0"
      }
    },
    "@fluentui/react-hooks": {
      "version": "8.3.9",
      "resolved": "https://registry.npmjs.org/@fluentui/react-hooks/-/react-hooks-8.3.9.tgz",
      "integrity": "sha512-slgQubShYrzVaelzBkvPVJy0EY+WJeJUqLAu9f9AX22sOi/odid1PuEi3ZuX7d+lLiGUQR0HaEbvo+jEf6HNeQ==",
      "requires": {
        "@fluentui/react-window-provider": "^2.1.6",
        "@fluentui/set-version": "^8.1.5",
        "@fluentui/utilities": "^8.3.9",
        "tslib": "^2.1.0"
      }
    },
    "@fluentui/react-window-provider": {
      "version": "2.1.6",
      "resolved": "https://registry.npmjs.org/@fluentui/react-window-provider/-/react-window-provider-2.1.6.tgz",
      "integrity": "sha512-Fr1THmtn/Kx95/WVXI1qIELX2VHpuGYVKWSpdgbpcmKukvk30h4JG6kKMGYPz3r7UeaTzpaeIw537A9CJ2hVMg==",
      "requires": {
        "@fluentui/set-version": "^8.1.5",
        "tslib": "^2.1.0"
      }
    },
    "@fluentui/set-version": {
      "version": "8.1.5",
      "resolved": "https://registry.npmjs.org/@fluentui/set-version/-/set-version-8.1.5.tgz",
      "integrity": "sha512-AfaycaduWd/aErqEmrAUWpr2gpZrkaSe6D9noXhtVH3JlreRuFM78Ji1oE4f8cpWxSA/K5qb7BT6x4z4I2Bs+A==",
      "requires": {
        "tslib": "^2.1.0"
      }
    },
    "@fluentui/style-utilities": {
      "version": "8.5.2",
      "resolved": "https://registry.npmjs.org/@fluentui/style-utilities/-/style-utilities-8.5.2.tgz",
      "integrity": "sha512-81+x1QyiVVx0ASqyeaIdXn9g7/he+k09Y0+G4NWczt4c8uuaz4rSOwuK2pdNGY16N0IZid3nMe9EqFvbLq+U/A==",
      "requires": {
        "@fluentui/merge-styles": "^8.2.3",
        "@fluentui/set-version": "^8.1.5",
        "@fluentui/theme": "^2.4.6",
        "@fluentui/utilities": "^8.3.9",
        "@microsoft/load-themed-styles": "^1.10.26",
        "tslib": "^2.1.0"
      }
    },
    "@fluentui/theme": {
      "version": "2.4.6",
      "resolved": "https://registry.npmjs.org/@fluentui/theme/-/theme-2.4.6.tgz",
      "integrity": "sha512-Qlxl/k31+WbjgUIJDfF5JVZfnQmEmNOmtMpYU+r4L2k/RD1eskNG3BaB+vGW9bnLw7u/7+6I79PyoSyTE8I+TA==",
      "requires": {
        "@fluentui/merge-styles": "^8.2.3",
        "@fluentui/set-version": "^8.1.5",
        "@fluentui/utilities": "^8.3.9",
        "tslib": "^2.1.0"
      }
    },
    "@fluentui/utilities": {
      "version": "8.3.9",
      "resolved": "https://registry.npmjs.org/@fluentui/utilities/-/utilities-8.3.9.tgz",
      "integrity": "sha512-UNz/5RjEmCtllzpCXEUkK/ScxjYkEG5tHIdUqxe+vg70UL92qlcSLo7E2NKuCuD7HM3z/tVbbE18ZEKJM6AOFg==",
      "requires": {
        "@fluentui/dom-utilities": "^2.1.5",
        "@fluentui/merge-styles": "^8.2.3",
        "@fluentui/set-version": "^8.1.5",
        "tslib": "^2.1.0"
      }
    },
    "@microsoft/load-themed-styles": {
      "version": "1.10.241",
      "resolved": "https://registry.npmjs.org/@microsoft/load-themed-styles/-/load-themed-styles-1.10.241.tgz",
      "integrity": "sha512-UdEtJGWSj361OxGO2AWMVzfBZPGv6EOJ2ZsuYLWGhDgBv/Y7QWPngEyHYljIC1YcqyQxy8q9xFvH/5qZKpTteA=="
    },
    "@types/prop-types": {
      "version": "15.7.4",
      "resolved": "https://registry.npmjs.org/@types/prop-types/-/prop-types-15.7.4.tgz",
      "integrity": "sha512-rZ5drC/jWjrArrS8BR6SIr4cWpW09RNTYt9AMZo3Jwwif+iacXAqgVjm0B0Bv/S1jhDXKHqRVNCbACkJ89RAnQ==",
      "peer": true
    },
    "@types/react": {
      "version": "17.0.38",
      "resolved": "https://registry.npmjs.org/@types/react/-/react-17.0.38.tgz",
      "integrity": "sha512-SI92X1IA+FMnP3qM5m4QReluXzhcmovhZnLNm3pyeQlooi02qI7sLiepEYqT678uNiyc25XfCqxREFpy3W7YhQ==",
      "peer": true,
      "requires": {
        "@types/prop-types": "*",
        "@types/scheduler": "*",
        "csstype": "^3.0.2"
      }
    },
    "@types/react-dom": {
      "version": "17.0.11",
      "resolved": "https://registry.npmjs.org/@types/react-dom/-/react-dom-17.0.11.tgz",
      "integrity": "sha512-f96K3k+24RaLGVu/Y2Ng3e1EbZ8/cVJvypZWd7cy0ofCBaf2lcM46xNhycMZ2xGwbBjRql7hOlZ+e2WlJ5MH3Q==",
      "peer": true,
      "requires": {
        "@types/react": "*"
      }
    },
    "@types/scheduler": {
      "version": "0.16.2",
      "resolved": "https://registry.npmjs.org/@types/scheduler/-/scheduler-0.16.2.tgz",
      "integrity": "sha512-hppQEBDmlwhFAXKJX2KnWLYu5yMfi91yazPb2l+lbJiwW+wdo1gNeRA+3RgNSO39WYX2euey41KEwnqesU2Jew==",
      "peer": true
    },
    "csstype": {
      "version": "3.0.10",
      "resolved": "https://registry.npmjs.org/csstype/-/csstype-3.0.10.tgz",
      "integrity": "sha512-2u44ZG2OcNUO9HDp/Jl8C07x6pU/eTR3ncV91SiK3dhG9TWvRVsCoJw14Ckx5DgWkzGA3waZWO3d7pgqpUI/XA==",
      "peer": true
    },
    "js-tokens": {
      "version": "4.0.0",
      "resolved": "https://registry.npmjs.org/js-tokens/-/js-tokens-4.0.0.tgz",
      "integrity": "sha512-RdJUflcE3cUzKiMqQgsCu06FPu9UdIJO0beYbPhHN4k6apgJtifcoCtT9bcxOpYBtpD2kCM6Sbzg4CausW/PKQ==",
      "peer": true
    },
    "loose-envify": {
      "version": "1.4.0",
      "resolved": "https://registry.npmjs.org/loose-envify/-/loose-envify-1.4.0.tgz",
      "integrity": "sha512-lyuxPGr/Wfhrlem2CL/UcnUc1zcqKAImBDzukY7Y5F/yQiNdko6+fRLevlw1HgMySw7f611UIY408EtxRSoK3Q==",
      "peer": true,
      "requires": {
        "js-tokens": "^3.0.0 || ^4.0.0"
      }
    },
    "object-assign": {
      "version": "4.1.1",
      "resolved": "https://registry.npmjs.org/object-assign/-/object-assign-4.1.1.tgz",
      "integrity": "sha1-IQmtx5ZYh8/AXLvUQsrIv7s2CGM=",
      "peer": true
    },
    "react": {
      "version": "17.0.2",
      "resolved": "https://registry.npmjs.org/react/-/react-17.0.2.tgz",
      "integrity": "sha512-gnhPt75i/dq/z3/6q/0asP78D0u592D5L1pd7M8P+dck6Fu/jJeL6iVVK23fptSUZj8Vjf++7wXA8UNclGQcbA==",
      "peer": true,
      "requires": {
        "loose-envify": "^1.1.0",
        "object-assign": "^4.1.1"
      }
    },
    "react-dom": {
      "version": "17.0.2",
      "resolved": "https://registry.npmjs.org/react-dom/-/react-dom-17.0.2.tgz",
      "integrity": "sha512-s4h96KtLDUQlsENhMn1ar8t2bEa+q/YAtj8pPPdIjPDGBDIVNsrD9aXNWqspUe6AzKCIG0C1HZZLqLV7qpOBGA==",
      "peer": true,
      "requires": {
        "loose-envify": "^1.1.0",
        "object-assign": "^4.1.1",
        "scheduler": "^0.20.2"
      }
    },
    "scheduler": {
      "version": "0.20.2",
      "resolved": "https://registry.npmjs.org/scheduler/-/scheduler-0.20.2.tgz",
      "integrity": "sha512-2eWfGgAqqWFGqtdMmcL5zCMK1U8KlXv8SQFGglL3CEtd0aDVDWgeF/YoCmvln55m5zSk3J/20hTaSBeSObsQDQ==",
      "peer": true,
      "requires": {
        "loose-envify": "^1.1.0",
        "object-assign": "^4.1.1"
      }
    },
    "tslib": {
      "version": "2.3.1",
      "resolved": "https://registry.npmjs.org/tslib/-/tslib-2.3.1.tgz",
      "integrity": "sha512-77EbyPPpMz+FRFRuAFlWMtmgUWGe9UOG2Z25NqCwiIjRhOf5iKGuzSe5P2w1laq+FkRy4p+PCuVkJSGkzTEKVw=="
    }
  }
}
